
Microsoft Visual Studio Solution File, Format Version 12.00
# Visual Studio Version 17
VisualStudioVersion = 17.5.002.0
MinimumVisualStudioVersion = 10.0.40219.1
Project("{9A19103F-16F7-4668-BE54-9A1E7A4F7556}") = "mslearn-dotnet-files", "mslearn-dotnet-files.csproj", "{92EB7026-C96D-4341-92DE-83DE2338FA42}"
EndProject
Global
	GlobalSection(SolutionConfigurationPlatforms) = preSolution
		Debug|Any CPU = Debug|Any CPU
		Release|Any CPU = Release|Any CPU
	EndGlobalSection
	GlobalSection(ProjectConfigurationPlatforms) = postSolution
		{92EB7026-C96D-4341-92DE-83DE2338FA42}.Debug|Any CPU.ActiveCfg = Debug|Any CPU
		{92EB7026-C96D-4341-92DE-83DE2338FA42}.Debug|Any CPU.Build.0 = Debug|Any CPU
		{92EB7026-C96D-4341-92DE-83DE2338FA42}.Release|Any CPU.ActiveCfg = Release|Any CPU
		{92EB7026-C96D-4341-92DE-83DE2338FA42}.Release|Any CPU.Build.0 = Release|Any CPU
	EndGlobalSection
	GlobalSection(SolutionProperties) = preSolution
		HideSolutionNode = FALSE
	EndGlobalSection
	GlobalSection(ExtensibilityGlobals) = postSolution
		SolutionGuid = {57857D78-31DA-4B54-8C5F-557F565FAF8A}
	EndGlobalSection
EndGlobal
