
Microsoft Visual Studio Solution File, Format Version 12.00
# Visual Studio Version 17
VisualStudioVersion = 17.5.002.0
MinimumVisualStudioVersion = 10.0.40219.1
Project("{9A19103F-16F7-4668-BE54-9A1E7A4F7556}") = "MethodNotes", "MethodNotes.csproj", "{706488CF-DCDD-4C8A-A531-9A5558B234DC}"
EndProject
Global
	GlobalSection(SolutionConfigurationPlatforms) = preSolution
		Debug|Any CPU = Debug|Any CPU
		Release|Any CPU = Release|Any CPU
	EndGlobalSection
	GlobalSection(ProjectConfigurationPlatforms) = postSolution
		{706488CF-DCDD-4C8A-A531-9A5558B234DC}.Debug|Any CPU.ActiveCfg = Debug|Any CPU
		{706488CF-DCDD-4C8A-A531-9A5558B234DC}.Debug|Any CPU.Build.0 = Debug|Any CPU
		{706488CF-DCDD-4C8A-A531-9A5558B234DC}.Release|Any CPU.ActiveCfg = Release|Any CPU
		{706488CF-DCDD-4C8A-A531-9A5558B234DC}.Release|Any CPU.Build.0 = Release|Any CPU
	EndGlobalSection
	GlobalSection(SolutionProperties) = preSolution
		HideSolutionNode = FALSE
	EndGlobalSection
	GlobalSection(ExtensibilityGlobals) = postSolution
		SolutionGuid = {0D3B1325-F1EF-4160-9B65-E080ABF2C2A4}
	EndGlobalSection
EndGlobal
